// !$*UTF8*$!
{
	archiveVersion = 1;
	classes = {
	};
	objectVersion = 56;
	objects = {

/* Begin PBXBuildFile section */
		F54E94DE2961C2980066D33F /* AppDelegate.swift in Sources */ = {isa = PBXBuildFile; fileRef = F54E94DD2961C2980066D33F /* AppDelegate.swift */; };
		F54E94E02961C2980066D33F /* ViewController.swift in Sources */ = {isa = PBXBuildFile; fileRef = F54E94DF2961C2980066D33F /* ViewController.swift */; };
		F54E94E22961C29A0066D33F /* Assets.xcassets in Resources */ = {isa = PBXBuildFile; fileRef = F54E94E12961C29A0066D33F /* Assets.xcassets */; };
		F54E94E52961C29A0066D33F /* Main.storyboard in Resources */ = {isa = PBXBuildFile; fileRef = F54E94E32961C29A0066D33F /* Main.storyboard */; };
		F54E94EF2961DF5E0066D33F /* KeyInputController.swift in Sources */ = {isa = PBXBuildFile; fileRef = F54E94EE2961DF5E0066D33F /* KeyInputController.swift */; };
		F592B24F296DBC5900CAF8AD /* InputSource.swift in Sources */ = {isa = PBXBuildFile; fileRef = F592B24E296DBC5900CAF8AD /* InputSource.swift */; };
		F592B251296DBD4B00CAF8AD /* GlobalInputMonitor.swift in Sources */ = {isa = PBXBuildFile; fileRef = F592B250296DBD4B00CAF8AD /* GlobalInputMonitor.swift */; };
		F592B253296DBE1600CAF8AD /* CGEventExt.swift in Sources */ = {isa = PBXBuildFile; fileRef = F592B252296DBE1600CAF8AD /* CGEventExt.swift */; };
		F592B279296DEC6B00CAF8AD /* KeyInputManager.swift in Sources */ = {isa = PBXBuildFile; fileRef = F592B278296DEC6B00CAF8AD /* KeyInputManager.swift */; };
/* End PBXBuildFile section */

/* Begin PBXContainerItemProxy section */
		F592B25C296DC13200CAF8AD /* PBXContainerItemProxy */ = {
			isa = PBXContainerItemProxy;
			containerPortal = F54E94D22961C2980066D33F /* Project object */;
			proxyType = 1;
			remoteGlobalIDString = F54E94D92961C2980066D33F;
			remoteInfo = YobaSwitcher;
		};
/* End PBXContainerItemProxy section */

/* Begin PBXFileReference section */
		F54E94DA2961C2980066D33F /* YobaSwitcher.app */ = {isa = PBXFileReference; explicitFileType = wrapper.application; includeInIndex = 0; path = YobaSwitcher.app; sourceTree = BUILT_PRODUCTS_DIR; };
		F54E94DD2961C2980066D33F /* AppDelegate.swift */ = {isa = PBXFileReference; lastKnownFileType = sourcecode.swift; path = AppDelegate.swift; sourceTree = "<group>"; };
		F54E94DF2961C2980066D33F /* ViewController.swift */ = {isa = PBXFileReference; lastKnownFileType = sourcecode.swift; path = ViewController.swift; sourceTree = "<group>"; };
		F54E94E12961C29A0066D33F /* Assets.xcassets */ = {isa = PBXFileReference; lastKnownFileType = folder.assetcatalog; path = Assets.xcassets; sourceTree = "<group>"; };
		F54E94E42961C29A0066D33F /* Base */ = {isa = PBXFileReference; lastKnownFileType = file.storyboard; name = Base; path = Base.lproj/Main.storyboard; sourceTree = "<group>"; };
		F54E94E62961C29A0066D33F /* YobaSwitcher.entitlements */ = {isa = PBXFileReference; lastKnownFileType = text.plist.entitlements; path = YobaSwitcher.entitlements; sourceTree = "<group>"; };
		F54E94EE2961DF5E0066D33F /* KeyInputController.swift */ = {isa = PBXFileReference; lastKnownFileType = sourcecode.swift; path = KeyInputController.swift; sourceTree = "<group>"; };
		F592B24E296DBC5900CAF8AD /* InputSource.swift */ = {isa = PBXFileReference; lastKnownFileType = sourcecode.swift; path = InputSource.swift; sourceTree = "<group>"; };
		F592B250296DBD4B00CAF8AD /* GlobalInputMonitor.swift */ = {isa = PBXFileReference; lastKnownFileType = sourcecode.swift; path = GlobalInputMonitor.swift; sourceTree = "<group>"; };
		F592B252296DBE1600CAF8AD /* CGEventExt.swift */ = {isa = PBXFileReference; lastKnownFileType = sourcecode.swift; path = CGEventExt.swift; sourceTree = "<group>"; };
		F592B278296DEC6B00CAF8AD /* KeyInputManager.swift */ = {isa = PBXFileReference; lastKnownFileType = sourcecode.swift; path = KeyInputManager.swift; sourceTree = "<group>"; };
/* End PBXFileReference section */

/* Begin PBXFrameworksBuildPhase section */
		F54E94D72961C2980066D33F /* Frameworks */ = {
			isa = PBXFrameworksBuildPhase;
			buildActionMask = 2147483647;
			files = (
			);
			runOnlyForDeploymentPostprocessing = 0;
		};
		F592B255296DC13100CAF8AD /* Frameworks */ = {
			isa = PBXFrameworksBuildPhase;
			buildActionMask = 2147483647;
			files = (
			);
			runOnlyForDeploymentPostprocessing = 0;
		};
/* End PBXFrameworksBuildPhase section */

/* Begin PBXGroup section */
		F54E94D12961C2980066D33F = {
			isa = PBXGroup;
			children = (
				F54E94DC2961C2980066D33F /* YobaSwitcher */,
				F54E94DB2961C2980066D33F /* Products */,
			);
			sourceTree = "<group>";
		};
		F54E94DB2961C2980066D33F /* Products */ = {
			isa = PBXGroup;
			children = (
				F54E94DA2961C2980066D33F /* YobaSwitcher.app */,
			);
			name = Products;
			sourceTree = "<group>";
		};
		F54E94DC2961C2980066D33F /* YobaSwitcher */ = {
			isa = PBXGroup;
			children = (
				F592B24D296DBC4B00CAF8AD /* KeystrokesController */,
				F54E94DD2961C2980066D33F /* AppDelegate.swift */,
				F54E94DF2961C2980066D33F /* ViewController.swift */,
				F54E94E12961C29A0066D33F /* Assets.xcassets */,
				F54E94E32961C29A0066D33F /* Main.storyboard */,
				F54E94E62961C29A0066D33F /* YobaSwitcher.entitlements */,
			);
			path = YobaSwitcher;
			sourceTree = "<group>";
		};
		F592B24D296DBC4B00CAF8AD /* KeystrokesController */ = {
			isa = PBXGroup;
			children = (
				F592B252296DBE1600CAF8AD /* CGEventExt.swift */,
				F592B250296DBD4B00CAF8AD /* GlobalInputMonitor.swift */,
				F592B24E296DBC5900CAF8AD /* InputSource.swift */,
				F592B278296DEC6B00CAF8AD /* KeyInputManager.swift */,
				F54E94EE2961DF5E0066D33F /* KeyInputController.swift */,
			);
			path = KeystrokesController;
			sourceTree = "<group>";
		};
/* End PBXGroup section */

/* Begin PBXNativeTarget section */
		F54E94D92961C2980066D33F /* YobaSwitcher */ = {
			isa = PBXNativeTarget;
			buildConfigurationList = F54E94E92961C29A0066D33F /* Build configuration list for PBXNativeTarget "YobaSwitcher" */;
			buildPhases = (
				F54E94D62961C2980066D33F /* Sources */,
				F54E94D72961C2980066D33F /* Frameworks */,
				F54E94D82961C2980066D33F /* Resources */,
			);
			buildRules = (
			);
			dependencies = (
			);
			name = YobaSwitcher;
			productName = YobaSwitcher;
			productReference = F54E94DA2961C2980066D33F /* YobaSwitcher.app */;
			productType = "com.apple.product-type.application";
		};
/* End PBXNativeTarget section */

/* Begin PBXProject section */
		F54E94D22961C2980066D33F /* Project object */ = {
			isa = PBXProject;
			attributes = {
				BuildIndependentTargetsInParallel = 1;
				LastSwiftUpdateCheck = 1400;
				LastUpgradeCheck = 1400;
				TargetAttributes = {
					F54E94D92961C2980066D33F = {
						CreatedOnToolsVersion = 14.0.1;
					};
					F592B257296DC13100CAF8AD = {
						CreatedOnToolsVersion = 14.0.1;
						TestTargetID = F54E94D92961C2980066D33F;
					};
				};
			};
			buildConfigurationList = F54E94D52961C2980066D33F /* Build configuration list for PBXProject "YobaSwitcher" */;
			compatibilityVersion = "Xcode 14.0";
			developmentRegion = en;
			hasScannedForEncodings = 0;
			knownRegions = (
				en,
				Base,
			);
			mainGroup = F54E94D12961C2980066D33F;
			productRefGroup = F54E94DB2961C2980066D33F /* Products */;
			projectDirPath = "";
			projectRoot = "";
			targets = (
				F54E94D92961C2980066D33F /* YobaSwitcher */,
			);
		};
/* End PBXProject section */

/* Begin PBXResourcesBuildPhase section */
		F54E94D82961C2980066D33F /* Resources */ = {
			isa = PBXResourcesBuildPhase;
			buildActionMask = 2147483647;
			files = (
				F54E94E22961C29A0066D33F /* Assets.xcassets in Resources */,
				F54E94E52961C29A0066D33F /* Main.storyboard in Resources */,
			);
			runOnlyForDeploymentPostprocessing = 0;
		};
		F592B256296DC13100CAF8AD /* Resources */ = {
			isa = PBXResourcesBuildPhase;
			buildActionMask = 2147483647;
			files = (
			);
			runOnlyForDeploymentPostprocessing = 0;
		};
/* End PBXResourcesBuildPhase section */

/* Begin PBXSourcesBuildPhase section */
		F54E94D62961C2980066D33F /* Sources */ = {
			isa = PBXSourcesBuildPhase;
			buildActionMask = 2147483647;
			files = (
				F592B253296DBE1600CAF8AD /* CGEventExt.swift in Sources */,
				F54E94EF2961DF5E0066D33F /* KeyInputController.swift in Sources */,
				F592B279296DEC6B00CAF8AD /* KeyInputManager.swift in Sources */,
				F592B24F296DBC5900CAF8AD /* InputSource.swift in Sources */,
				F592B251296DBD4B00CAF8AD /* GlobalInputMonitor.swift in Sources */,
				F54E94E02961C2980066D33F /* ViewController.swift in Sources */,
				F54E94DE2961C2980066D33F /* AppDelegate.swift in Sources */,
			);
			runOnlyForDeploymentPostprocessing = 0;
		};
/* End PBXSourcesBuildPhase section */

/* Begin PBXTargetDependency section */
		F592B25D296DC13200CAF8AD /* PBXTargetDependency */ = {
			isa = PBXTargetDependency;
			target = F54E94D92961C2980066D33F /* YobaSwitcher */;
			targetProxy = F592B25C296DC13200CAF8AD /* PBXContainerItemProxy */;
		};
/* End PBXTargetDependency section */

/* Begin PBXVariantGroup section */
		F54E94E32961C29A0066D33F /* Main.storyboard */ = {
			isa = PBXVariantGroup;
			children = (
				F54E94E42961C29A0066D33F /* Base */,
			);
			name = Main.storyboard;
			sourceTree = "<group>";
		};
/* End PBXVariantGroup section */

/* Begin XCBuildConfiguration section */
		F54E94E72961C29A0066D33F /* Debug */ = {
			isa = XCBuildConfiguration;
			buildSettings = {
				ALWAYS_SEARCH_USER_PATHS = NO;
				CLANG_ANALYZER_NONNULL = YES;
				CLANG_ANALYZER_NUMBER_OBJECT_CONVERSION = YES_AGGRESSIVE;
				CLANG_CXX_LANGUAGE_STANDARD = "gnu++20";
				CLANG_ENABLE_MODULES = YES;
				CLANG_ENABLE_OBJC_ARC = YES;
				CLANG_ENABLE_OBJC_WEAK = YES;
				CLANG_WARN_BLOCK_CAPTURE_AUTORELEASING = YES;
				CLANG_WARN_BOOL_CONVERSION = YES;
				CLANG_WARN_COMMA = YES;
				CLANG_WARN_CONSTANT_CONVERSION = YES;
				CLANG_WARN_DEPRECATED_OBJC_IMPLEMENTATIONS = YES;
				CLANG_WARN_DIRECT_OBJC_ISA_USAGE = YES_ERROR;
				CLANG_WARN_DOCUMENTATION_COMMENTS = YES;
				CLANG_WARN_EMPTY_BODY = YES;
				CLANG_WARN_ENUM_CONVERSION = YES;
				CLANG_WARN_INFINITE_RECURSION = YES;
				CLANG_WARN_INT_CONVERSION = YES;
				CLANG_WARN_NON_LITERAL_NULL_CONVERSION = YES;
				CLANG_WARN_OBJC_IMPLICIT_RETAIN_SELF = YES;
				CLANG_WARN_OBJC_LITERAL_CONVERSION = YES;
				CLANG_WARN_OBJC_ROOT_CLASS = YES_ERROR;
				CLANG_WARN_QUOTED_INCLUDE_IN_FRAMEWORK_HEADER = YES;
				CLANG_WARN_RANGE_LOOP_ANALYSIS = YES;
				CLANG_WARN_STRICT_PROTOTYPES = YES;
				CLANG_WARN_SUSPICIOUS_MOVE = YES;
				CLANG_WARN_UNGUARDED_AVAILABILITY = YES_AGGRESSIVE;
				CLANG_WARN_UNREACHABLE_CODE = YES;
				CLANG_WARN__DUPLICATE_METHOD_MATCH = YES;
				COPY_PHASE_STRIP = NO;
				DEBUG_INFORMATION_FORMAT = dwarf;
				ENABLE_STRICT_OBJC_MSGSEND = YES;
				ENABLE_TESTABILITY = YES;
				GCC_C_LANGUAGE_STANDARD = gnu11;
				GCC_DYNAMIC_NO_PIC = NO;
				GCC_NO_COMMON_BLOCKS = YES;
				GCC_OPTIMIZATION_LEVEL = 0;
				GCC_PREPROCESSOR_DEFINITIONS = (
					"DEBUG=1",
					"$(inherited)",
				);
				GCC_WARN_64_TO_32_BIT_CONVERSION = YES;
				GCC_WARN_ABOUT_RETURN_TYPE = YES_ERROR;
				GCC_WARN_UNDECLARED_SELECTOR = YES;
				GCC_WARN_UNINITIALIZED_AUTOS = YES_AGGRESSIVE;
				GCC_WARN_UNUSED_FUNCTION = YES;
				GCC_WARN_UNUSED_VARIABLE = YES;
				MACOSX_DEPLOYMENT_TARGET = 12.3;
				MTL_ENABLE_DEBUG_INFO = INCLUDE_SOURCE;
				MTL_FAST_MATH = YES;
				ONLY_ACTIVE_ARCH = YES;
				SDKROOT = macosx;
				SWIFT_ACTIVE_COMPILATION_CONDITIONS = DEBUG;
				SWIFT_OPTIMIZATION_LEVEL = "-Onone";
			};
			name = Debug;
		};
		F54E94E82961C29A0066D33F /* Release */ = {
			isa = XCBuildConfiguration;
			buildSettings = {
				ALWAYS_SEARCH_USER_PATHS = NO;
				CLANG_ANALYZER_NONNULL = YES;
				CLANG_ANALYZER_NUMBER_OBJECT_CONVERSION = YES_AGGRESSIVE;
				CLANG_CXX_LANGUAGE_STANDARD = "gnu++20";
				CLANG_ENABLE_MODULES = YES;
				CLANG_ENABLE_OBJC_ARC = YES;
				CLANG_ENABLE_OBJC_WEAK = YES;
				CLANG_WARN_BLOCK_CAPTURE_AUTORELEASING = YES;
				CLANG_WARN_BOOL_CONVERSION = YES;
				CLANG_WARN_COMMA = YES;
				CLANG_WARN_CONSTANT_CONVERSION = YES;
				CLANG_WARN_DEPRECATED_OBJC_IMPLEMENTATIONS = YES;
				CLANG_WARN_DIRECT_OBJC_ISA_USAGE = YES_ERROR;
				CLANG_WARN_DOCUMENTATION_COMMENTS = YES;
				CLANG_WARN_EMPTY_BODY = YES;
				CLANG_WARN_ENUM_CONVERSION = YES;
				CLANG_WARN_INFINITE_RECURSION = YES;
				CLANG_WARN_INT_CONVERSION = YES;
				CLANG_WARN_NON_LITERAL_NULL_CONVERSION = YES;
				CLANG_WARN_OBJC_IMPLICIT_RETAIN_SELF = YES;
				CLANG_WARN_OBJC_LITERAL_CONVERSION = YES;
				CLANG_WARN_OBJC_ROOT_CLASS = YES_ERROR;
				CLANG_WARN_QUOTED_INCLUDE_IN_FRAMEWORK_HEADER = YES;
				CLANG_WARN_RANGE_LOOP_ANALYSIS = YES;
				CLANG_WARN_STRICT_PROTOTYPES = YES;
				CLANG_WARN_SUSPICIOUS_MOVE = YES;
				CLANG_WARN_UNGUARDED_AVAILABILITY = YES_AGGRESSIVE;
				CLANG_WARN_UNREACHABLE_CODE = YES;
				CLANG_WARN__DUPLICATE_METHOD_MATCH = YES;
				COPY_PHASE_STRIP = NO;
				DEBUG_INFORMATION_FORMAT = "dwarf-with-dsym";
				ENABLE_NS_ASSERTIONS = NO;
				ENABLE_STRICT_OBJC_MSGSEND = YES;
				GCC_C_LANGUAGE_STANDARD = gnu11;
				GCC_NO_COMMON_BLOCKS = YES;
				GCC_WARN_64_TO_32_BIT_CONVERSION = YES;
				GCC_WARN_ABOUT_RETURN_TYPE = YES_ERROR;
				GCC_WARN_UNDECLARED_SELECTOR = YES;
				GCC_WARN_UNINITIALIZED_AUTOS = YES_AGGRESSIVE;
				GCC_WARN_UNUSED_FUNCTION = YES;
				GCC_WARN_UNUSED_VARIABLE = YES;
				MACOSX_DEPLOYMENT_TARGET = 12.3;
				MTL_ENABLE_DEBUG_INFO = NO;
				MTL_FAST_MATH = YES;
				SDKROOT = macosx;
				SWIFT_COMPILATION_MODE = wholemodule;
				SWIFT_OPTIMIZATION_LEVEL = "-O";
			};
			name = Release;
		};
		F54E94EA2961C29A0066D33F /* Debug */ = {
			isa = XCBuildConfiguration;
			buildSettings = {
				ASSETCATALOG_COMPILER_APPICON_NAME = AppIcon;
				ASSETCATALOG_COMPILER_GLOBAL_ACCENT_COLOR_NAME = AccentColor;
				CODE_SIGN_ENTITLEMENTS = YobaSwitcher/YobaSwitcher.entitlements;
				CODE_SIGN_STYLE = Automatic;
				COMBINE_HIDPI_IMAGES = YES;
				CURRENT_PROJECT_VERSION = 1;
				DEVELOPMENT_TEAM = BFCZTEYG58;
				ENABLE_HARDENED_RUNTIME = YES;
				GENERATE_INFOPLIST_FILE = YES;
				INFOPLIST_KEY_NSHumanReadableCopyright = "";
				INFOPLIST_KEY_NSMainStoryboardFile = Main;
				INFOPLIST_KEY_NSPrincipalClass = NSApplication;
				LD_RUNPATH_SEARCH_PATHS = (
					"$(inherited)",
					"@executable_path/../Frameworks",
				);
				MARKETING_VERSION = 1.0;
				PRODUCT_BUNDLE_IDENTIFIER = com.librekht.YobaSwitcher;
				PRODUCT_NAME = "$(TARGET_NAME)";
				SWIFT_EMIT_LOC_STRINGS = YES;
				SWIFT_VERSION = 5.0;
			};
			name = Debug;
		};
		F54E94EB2961C29A0066D33F /* Release */ = {
			isa = XCBuildConfiguration;
			buildSettings = {
				ASSETCATALOG_COMPILER_APPICON_NAME = AppIcon;
				ASSETCATALOG_COMPILER_GLOBAL_ACCENT_COLOR_NAME = AccentColor;
				CODE_SIGN_ENTITLEMENTS = YobaSwitcher/YobaSwitcher.entitlements;
				CODE_SIGN_STYLE = Automatic;
				COMBINE_HIDPI_IMAGES = YES;
				CURRENT_PROJECT_VERSION = 1;
				DEVELOPMENT_TEAM = BFCZTEYG58;
				ENABLE_HARDENED_RUNTIME = YES;
				GENERATE_INFOPLIST_FILE = YES;
				INFOPLIST_KEY_NSHumanReadableCopyright = "";
				INFOPLIST_KEY_NSMainStoryboardFile = Main;
				INFOPLIST_KEY_NSPrincipalClass = NSApplication;
				LD_RUNPATH_SEARCH_PATHS = (
					"$(inherited)",
					"@executable_path/../Frameworks",
				);
				MARKETING_VERSION = 1.0;
				PRODUCT_BUNDLE_IDENTIFIER = com.librekht.YobaSwitcher;
				PRODUCT_NAME = "$(TARGET_NAME)";
				SWIFT_EMIT_LOC_STRINGS = YES;
				SWIFT_VERSION = 5.0;
			};
			name = Release;
		};
/* End XCBuildConfiguration section */

/* Begin XCConfigurationList section */
		F54E94D52961C2980066D33F /* Build configuration list for PBXProject "YobaSwitcher" */ = {
			isa = XCConfigurationList;
			buildConfigurations = (
				F54E94E72961C29A0066D33F /* Debug */,
				F54E94E82961C29A0066D33F /* Release */,
			);
			defaultConfigurationIsVisible = 0;
			defaultConfigurationName = Release;
		};
		F54E94E92961C29A0066D33F /* Build configuration list for PBXNativeTarget "YobaSwitcher" */ = {
			isa = XCConfigurationList;
			buildConfigurations = (
				F54E94EA2961C29A0066D33F /* Debug */,
				F54E94EB2961C29A0066D33F /* Release */,
			);
			defaultConfigurationIsVisible = 0;
			defaultConfigurationName = Release;
		};
/* End XCConfigurationList section */
	};
	rootObject = F54E94D22961C2980066D33F /* Project object */;
}
